
Microsoft Visual Studio Solution File, Format Version 12.00
# Visual Studio 15
VisualStudioVersion = 15.0.28307.438
MinimumVisualStudioVersion = 10.0.40219.1
Project("{FAE04EC0-301F-11D3-BF4B-00C04F79EFBC}") = "ConvexHull", "ConvexHull\ConvexHull.csproj", "{3B281A71-0A78-4EC3-9468-ECD0C6250754}"
EndProject
Global
	GlobalSection(SolutionConfigurationPlatforms) = preSolution
		Debug|Any CPU = Debug|Any CPU
		Release|Any CPU = Release|Any CPU
	EndGlobalSection
	GlobalSection(ProjectConfigurationPlatforms) = postSolution
		{3B281A71-0A78-4EC3-9468-ECD0C6250754}.Debug|Any CPU.ActiveCfg = Debug|Any CPU
		{3B281A71-0A78-4EC3-9468-ECD0C6250754}.Debug|Any CPU.Build.0 = Debug|Any CPU
		{3B281A71-0A78-4EC3-9468-ECD0C6250754}.Release|Any CPU.ActiveCfg = Release|Any CPU
		{3B281A71-0A78-4EC3-9468-ECD0C6250754}.Release|Any CPU.Build.0 = Release|Any CPU
	EndGlobalSection
	GlobalSection(SolutionProperties) = preSolution
		HideSolutionNode = FALSE
	EndGlobalSection
	GlobalSection(ExtensibilityGlobals) = postSolution
		SolutionGuid = {49089C4B-EBA1-4102-B7FF-761983829316}
	EndGlobalSection
EndGlobal
